
Microsoft Visual Studio Solution File, Format Version 12.00
# Visual Studio Version 17
VisualStudioVersion = 17.10.35122.118
MinimumVisualStudioVersion = 10.0.40219.1
Project("{9092AA53-FB77-4645-B42D-1CCCA6BD08BD}") = "apiClimaTempo", "apiClimaTempo.njsproj", "{0E26D992-5B36-45E2-91DB-AC4BAC85D60C}"
EndProject
Global
	GlobalSection(SolutionConfigurationPlatforms) = preSolution
		Debug|Any CPU = Debug|Any CPU
		Release|Any CPU = Release|Any CPU
	EndGlobalSection
	GlobalSection(ProjectConfigurationPlatforms) = postSolution
		{0E26D992-5B36-45E2-91DB-AC4BAC85D60C}.Debug|Any CPU.ActiveCfg = Debug|Any CPU
		{0E26D992-5B36-45E2-91DB-AC4BAC85D60C}.Debug|Any CPU.Build.0 = Debug|Any CPU
		{0E26D992-5B36-45E2-91DB-AC4BAC85D60C}.Release|Any CPU.ActiveCfg = Release|Any CPU
		{0E26D992-5B36-45E2-91DB-AC4BAC85D60C}.Release|Any CPU.Build.0 = Release|Any CPU
	EndGlobalSection
	GlobalSection(SolutionProperties) = preSolution
		HideSolutionNode = FALSE
	EndGlobalSection
	GlobalSection(ExtensibilityGlobals) = postSolution
		SolutionGuid = {7F9BFF9C-7E9E-48D0-BD79-1E0777716FFE}
	EndGlobalSection
EndGlobal
